
Microsoft Visual Studio Solution File, Format Version 12.00
# Visual Studio Version 17
VisualStudioVersion = 17.7.34024.191
MinimumVisualStudioVersion = 10.0.40219.1
Project("{FAE04EC0-301F-11D3-BF4B-00C04F79EFBC}") = "ЛР11.2", "ЛР11.2\ЛР11.2.csproj", "{32CA07E1-C23B-42C8-8158-82B6426E483F}"
EndProject
Global
	GlobalSection(SolutionConfigurationPlatforms) = preSolution
		Debug|Any CPU = Debug|Any CPU
		Release|Any CPU = Release|Any CPU
	EndGlobalSection
	GlobalSection(ProjectConfigurationPlatforms) = postSolution
		{32CA07E1-C23B-42C8-8158-82B6426E483F}.Debug|Any CPU.ActiveCfg = Debug|Any CPU
		{32CA07E1-C23B-42C8-8158-82B6426E483F}.Debug|Any CPU.Build.0 = Debug|Any CPU
		{32CA07E1-C23B-42C8-8158-82B6426E483F}.Release|Any CPU.ActiveCfg = Release|Any CPU
		{32CA07E1-C23B-42C8-8158-82B6426E483F}.Release|Any CPU.Build.0 = Release|Any CPU
	EndGlobalSection
	GlobalSection(SolutionProperties) = preSolution
		HideSolutionNode = FALSE
	EndGlobalSection
	GlobalSection(ExtensibilityGlobals) = postSolution
		SolutionGuid = {FC92FA09-129A-4881-B596-4038C0914D0A}
	EndGlobalSection
EndGlobal
